{
  "name": "terrastation_scripts",
  "version": "1.0.0",
  "lockfileVersion": 1,
  "requires": true,
  "dependencies": {
    "node-adafruit-bme280": {
      "version": "1.0.2",
      "resolved": "https://registry.npmjs.org/node-adafruit-bme280/-/node-adafruit-bme280-1.0.2.tgz",
      "integrity": "sha1-xq9h5e709MOt/tY/E1paQRqz5XE=",
      "requires": {
        "python-shell": "^0.4.0"
      }
    },
    "python-shell": {
      "version": "0.4.0",
      "resolved": "http://registry.npmjs.org/python-shell/-/python-shell-0.4.0.tgz",
      "integrity": "sha1-JZxUcNiFKSsi6QalewhfZRdS+VY="
    }
  }
}
